// !$*UTF8*$!
{
	archiveVersion = 1;
	classes = {
	};
	objectVersion = 45;
	objects = {

/* Begin PBXFileReference section */
		940890C9138C44C400BEE3EA /* main.c */ = {isa = PBXFileReference; fileEncoding = 4; lastKnownFileType = sourcecode.c.c; path = main.c; sourceTree = "<group>"; };
		94089124138C49E200BEE3EA /* Makefile */ = {isa = PBXFileReference; fileEncoding = 4; lastKnownFileType = sourcecode.make; path = Makefile; sourceTree = "<group>"; };
/* End PBXFileReference section */

/* Begin PBXGroup section */
		08FB7794FE84155DC02AAC07 /* xTernalBuild */ = {
			isa = PBXGroup;
			children = (
				94089124138C49E200BEE3EA /* Makefile */,
				940890C9138C44C400BEE3EA /* main.c */,
			);
			name = xTernalBuild;
			sourceTree = "<group>";
		};
/* End PBXGroup section */

/* Begin PBXLegacyTarget section */
		D28A88AD04BDD90700651E21 /* build */ = {
			isa = PBXLegacyTarget;
			buildArgumentsString = "$(ACTION) $SETTING";
			buildConfigurationList = 1DEB918F08733D9F0010E9CD /* Build configuration list for PBXLegacyTarget "build" */;
			buildPhases = (
			);
			buildToolPath = /usr/bin/make;
			buildWorkingDirectory = "";
			dependencies = (
			);
			name = build;
			passBuildSettingsInEnvironment = 1;
			productName = xTernalBuild;
		};
/* End PBXLegacyTarget section */

/* Begin PBXProject section */
		08FB7793FE84155DC02AAC07 /* Project object */ = {
			isa = PBXProject;
			buildConfigurationList = 1DEB919308733D9F0010E9CD /* Build configuration list for PBXProject "xTernalBuild" */;
			compatibilityVersion = "Xcode 3.1";
			developmentRegion = English;
			hasScannedForEncodings = 1;
			knownRegions = (
				English,
				Japanese,
				French,
				German,
			);
			mainGroup = 08FB7794FE84155DC02AAC07 /* xTernalBuild */;
			projectDirPath = "";
			projectRoot = "";
			targets = (
				D28A88AD04BDD90700651E21 /* build */,
			);
		};
/* End PBXProject section */

/* Begin XCBuildConfiguration section */
		1DEB919108733D9F0010E9CD /* build */ = {
			isa = XCBuildConfiguration;
			buildSettings = {
				COPY_PHASE_STRIP = YES;
				GCC_ENABLE_FIX_AND_CONTINUE = NO;
				OTHER_CFLAGS = "";
				OTHER_LDFLAGS = "";
				PRODUCT_NAME = xTernalBuild;
				SETTING = clean;
			};
			name = build;
		};
		1DEB919508733D9F0010E9CD /* build */ = {
			isa = XCBuildConfiguration;
			buildSettings = {
				GCC_WARN_ABOUT_RETURN_TYPE = YES;
				GCC_WARN_UNUSED_VARIABLE = YES;
			};
			name = build;
		};
		94A2566213910E6D00884CF3 /* upload */ = {
			isa = XCBuildConfiguration;
			buildSettings = {
				GCC_WARN_ABOUT_RETURN_TYPE = YES;
				GCC_WARN_UNUSED_VARIABLE = YES;
			};
			name = upload;
		};
		94A2566313910E6D00884CF3 /* upload */ = {
			isa = XCBuildConfiguration;
			buildSettings = {
				COPY_PHASE_STRIP = YES;
				GCC_ENABLE_FIX_AND_CONTINUE = NO;
				OTHER_CFLAGS = "";
				OTHER_LDFLAGS = "";
				PRODUCT_NAME = xTernalBuild;
				SETTING = "install clean";
			};
			name = upload;
		};
/* End XCBuildConfiguration section */

/* Begin XCConfigurationList section */
		1DEB918F08733D9F0010E9CD /* Build configuration list for PBXLegacyTarget "build" */ = {
			isa = XCConfigurationList;
			buildConfigurations = (
				1DEB919108733D9F0010E9CD /* build */,
				94A2566313910E6D00884CF3 /* upload */,
			);
			defaultConfigurationIsVisible = 0;
			defaultConfigurationName = build;
		};
		1DEB919308733D9F0010E9CD /* Build configuration list for PBXProject "xTernalBuild" */ = {
			isa = XCConfigurationList;
			buildConfigurations = (
				1DEB919508733D9F0010E9CD /* build */,
				94A2566213910E6D00884CF3 /* upload */,
			);
			defaultConfigurationIsVisible = 0;
			defaultConfigurationName = build;
		};
/* End XCConfigurationList section */
	};
	rootObject = 08FB7793FE84155DC02AAC07 /* Project object */;
}
